
Microsoft Visual Studio Solution File, Format Version 12.00
# Visual Studio 15
VisualStudioVersion = 15.0.26730.12
MinimumVisualStudioVersion = 10.0.40219.1
Project("{D954291E-2A0B-460D-934E-DC6B0785DB48}") = "Android1", "Android1\Android1\Android1.shproj", "{6B5CA054-A0EA-48B1-B2F2-AD069F8DBA01}"
EndProject
Project("{FAE04EC0-301F-11D3-BF4B-00C04F79EFBC}") = "Android1.Android", "Android1\Android1.Android\Android1.Android.csproj", "{B41AE8BE-24D3-476A-9B4E-21DEC5C22A54}"
EndProject
Global
	GlobalSection(SharedMSBuildProjectFiles) = preSolution
		Android1\Android1\Android1.projitems*{6b5ca054-a0ea-48b1-b2f2-ad069f8dba01}*SharedItemsImports = 13
		Android1\Android1\Android1.projitems*{b41ae8be-24d3-476a-9b4e-21dec5c22a54}*SharedItemsImports = 4
	EndGlobalSection
	GlobalSection(SolutionConfigurationPlatforms) = preSolution
		Ad-Hoc|Any CPU = Ad-Hoc|Any CPU
		Ad-Hoc|ARM = Ad-Hoc|ARM
		Ad-Hoc|iPhone = Ad-Hoc|iPhone
		Ad-Hoc|iPhoneSimulator = Ad-Hoc|iPhoneSimulator
		Ad-Hoc|x64 = Ad-Hoc|x64
		Ad-Hoc|x86 = Ad-Hoc|x86
		AppStore|Any CPU = AppStore|Any CPU
		AppStore|ARM = AppStore|ARM
		AppStore|iPhone = AppStore|iPhone
		AppStore|iPhoneSimulator = AppStore|iPhoneSimulator
		AppStore|x64 = AppStore|x64
		AppStore|x86 = AppStore|x86
		Debug|Any CPU = Debug|Any CPU
		Debug|ARM = Debug|ARM
		Debug|iPhone = Debug|iPhone
		Debug|iPhoneSimulator = Debug|iPhoneSimulator
		Debug|x64 = Debug|x64
		Debug|x86 = Debug|x86
		Release|Any CPU = Release|Any CPU
		Release|ARM = Release|ARM
		Release|iPhone = Release|iPhone
		Release|iPhoneSimulator = Release|iPhoneSimulator
		Release|x64 = Release|x64
		Release|x86 = Release|x86
	EndGlobalSection
	GlobalSection(ProjectConfigurationPlatforms) = postSolution
		{B41AE8BE-24D3-476A-9B4E-21DEC5C22A54}.Ad-Hoc|Any CPU.ActiveCfg = Release|Any CPU
		{B41AE8BE-24D3-476A-9B4E-21DEC5C22A54}.Ad-Hoc|Any CPU.Build.0 = Release|Any CPU
		{B41AE8BE-24D3-476A-9B4E-21DEC5C22A54}.Ad-Hoc|Any CPU.Deploy.0 = Release|Any CPU
		{B41AE8BE-24D3-476A-9B4E-21DEC5C22A54}.Ad-Hoc|ARM.ActiveCfg = Release|Any CPU
		{B41AE8BE-24D3-476A-9B4E-21DEC5C22A54}.Ad-Hoc|ARM.Build.0 = Release|Any CPU
		{B41AE8BE-24D3-476A-9B4E-21DEC5C22A54}.Ad-Hoc|ARM.Deploy.0 = Release|Any CPU
		{B41AE8BE-24D3-476A-9B4E-21DEC5C22A54}.Ad-Hoc|iPhone.ActiveCfg = Release|Any CPU
		{B41AE8BE-24D3-476A-9B4E-21DEC5C22A54}.Ad-Hoc|iPhone.Build.0 = Release|Any CPU
		{B41AE8BE-24D3-476A-9B4E-21DEC5C22A54}.Ad-Hoc|iPhone.Deploy.0 = Release|Any CPU
		{B41AE8BE-24D3-476A-9B4E-21DEC5C22A54}.Ad-Hoc|iPhoneSimulator.ActiveCfg = Release|Any CPU
		{B41AE8BE-24D3-476A-9B4E-21DEC5C22A54}.Ad-Hoc|iPhoneSimulator.Build.0 = Release|Any CPU
		{B41AE8BE-24D3-476A-9B4E-21DEC5C22A54}.Ad-Hoc|iPhoneSimulator.Deploy.0 = Release|Any CPU
		{B41AE8BE-24D3-476A-9B4E-21DEC5C22A54}.Ad-Hoc|x64.ActiveCfg = Release|Any CPU
		{B41AE8BE-24D3-476A-9B4E-21DEC5C22A54}.Ad-Hoc|x64.Build.0 = Release|Any CPU
		{B41AE8BE-24D3-476A-9B4E-21DEC5C22A54}.Ad-Hoc|x64.Deploy.0 = Release|Any CPU
		{B41AE8BE-24D3-476A-9B4E-21DEC5C22A54}.Ad-Hoc|x86.ActiveCfg = Release|Any CPU
		{B41AE8BE-24D3-476A-9B4E-21DEC5C22A54}.Ad-Hoc|x86.Build.0 = Release|Any CPU
		{B41AE8BE-24D3-476A-9B4E-21DEC5C22A54}.Ad-Hoc|x86.Deploy.0 = Release|Any CPU
		{B41AE8BE-24D3-476A-9B4E-21DEC5C22A54}.AppStore|Any CPU.ActiveCfg = Release|Any CPU
		{B41AE8BE-24D3-476A-9B4E-21DEC5C22A54}.AppStore|Any CPU.Build.0 = Release|Any CPU
		{B41AE8BE-24D3-476A-9B4E-21DEC5C22A54}.AppStore|Any CPU.Deploy.0 = Release|Any CPU
		{B41AE8BE-24D3-476A-9B4E-21DEC5C22A54}.AppStore|ARM.ActiveCfg = Release|Any CPU
		{B41AE8BE-24D3-476A-9B4E-21DEC5C22A54}.AppStore|ARM.Build.0 = Release|Any CPU
		{B41AE8BE-24D3-476A-9B4E-21DEC5C22A54}.AppStore|ARM.Deploy.0 = Release|Any CPU
		{B41AE8BE-24D3-476A-9B4E-21DEC5C22A54}.AppStore|iPhone.ActiveCfg = Release|Any CPU
		{B41AE8BE-24D3-476A-9B4E-21DEC5C22A54}.AppStore|iPhone.Build.0 = Release|Any CPU
		{B41AE8BE-24D3-476A-9B4E-21DEC5C22A54}.AppStore|iPhone.Deploy.0 = Release|Any CPU
		{B41AE8BE-24D3-476A-9B4E-21DEC5C22A54}.AppStore|iPhoneSimulator.ActiveCfg = Release|Any CPU
		{B41AE8BE-24D3-476A-9B4E-21DEC5C22A54}.AppStore|iPhoneSimulator.Build.0 = Release|Any CPU
		{B41AE8BE-24D3-476A-9B4E-21DEC5C22A54}.AppStore|iPhoneSimulator.Deploy.0 = Release|Any CPU
		{B41AE8BE-24D3-476A-9B4E-21DEC5C22A54}.AppStore|x64.ActiveCfg = Release|Any CPU
		{B41AE8BE-24D3-476A-9B4E-21DEC5C22A54}.AppStore|x64.Build.0 = Release|Any CPU
		{B41AE8BE-24D3-476A-9B4E-21DEC5C22A54}.AppStore|x64.Deploy.0 = Release|Any CPU
		{B41AE8BE-24D3-476A-9B4E-21DEC5C22A54}.AppStore|x86.ActiveCfg = Release|Any CPU
		{B41AE8BE-24D3-476A-9B4E-21DEC5C22A54}.AppStore|x86.Build.0 = Release|Any CPU
		{B41AE8BE-24D3-476A-9B4E-21DEC5C22A54}.AppStore|x86.Deploy.0 = Release|Any CPU
		{B41AE8BE-24D3-476A-9B4E-21DEC5C22A54}.Debug|Any CPU.ActiveCfg = Debug|Any CPU
		{B41AE8BE-24D3-476A-9B4E-21DEC5C22A54}.Debug|Any CPU.Build.0 = Debug|Any CPU
		{B41AE8BE-24D3-476A-9B4E-21DEC5C22A54}.Debug|Any CPU.Deploy.0 = Debug|Any CPU
		{B41AE8BE-24D3-476A-9B4E-21DEC5C22A54}.Debug|ARM.ActiveCfg = Debug|Any CPU
		{B41AE8BE-24D3-476A-9B4E-21DEC5C22A54}.Debug|ARM.Build.0 = Debug|Any CPU
		{B41AE8BE-24D3-476A-9B4E-21DEC5C22A54}.Debug|ARM.Deploy.0 = Debug|Any CPU
		{B41AE8BE-24D3-476A-9B4E-21DEC5C22A54}.Debug|iPhone.ActiveCfg = Debug|Any CPU
		{B41AE8BE-24D3-476A-9B4E-21DEC5C22A54}.Debug|iPhone.Build.0 = Debug|Any CPU
		{B41AE8BE-24D3-476A-9B4E-21DEC5C22A54}.Debug|iPhone.Deploy.0 = Debug|Any CPU
		{B41AE8BE-24D3-476A-9B4E-21DEC5C22A54}.Debug|iPhoneSimulator.ActiveCfg = Debug|Any CPU
		{B41AE8BE-24D3-476A-9B4E-21DEC5C22A54}.Debug|iPhoneSimulator.Build.0 = Debug|Any CPU
		{B41AE8BE-24D3-476A-9B4E-21DEC5C22A54}.Debug|iPhoneSimulator.Deploy.0 = Debug|Any CPU
		{B41AE8BE-24D3-476A-9B4E-21DEC5C22A54}.Debug|x64.ActiveCfg = Debug|Any CPU
		{B41AE8BE-24D3-476A-9B4E-21DEC5C22A54}.Debug|x64.Build.0 = Debug|Any CPU
		{B41AE8BE-24D3-476A-9B4E-21DEC5C22A54}.Debug|x64.Deploy.0 = Debug|Any CPU
		{B41AE8BE-24D3-476A-9B4E-21DEC5C22A54}.Debug|x86.ActiveCfg = Debug|Any CPU
		{B41AE8BE-24D3-476A-9B4E-21DEC5C22A54}.Debug|x86.Build.0 = Debug|Any CPU
		{B41AE8BE-24D3-476A-9B4E-21DEC5C22A54}.Debug|x86.Deploy.0 = Debug|Any CPU
		{B41AE8BE-24D3-476A-9B4E-21DEC5C22A54}.Release|Any CPU.ActiveCfg = Release|Any CPU
		{B41AE8BE-24D3-476A-9B4E-21DEC5C22A54}.Release|Any CPU.Build.0 = Release|Any CPU
		{B41AE8BE-24D3-476A-9B4E-21DEC5C22A54}.Release|Any CPU.Deploy.0 = Release|Any CPU
		{B41AE8BE-24D3-476A-9B4E-21DEC5C22A54}.Release|ARM.ActiveCfg = Release|Any CPU
		{B41AE8BE-24D3-476A-9B4E-21DEC5C22A54}.Release|ARM.Build.0 = Release|Any CPU
		{B41AE8BE-24D3-476A-9B4E-21DEC5C22A54}.Release|ARM.Deploy.0 = Release|Any CPU
		{B41AE8BE-24D3-476A-9B4E-21DEC5C22A54}.Release|iPhone.ActiveCfg = Release|Any CPU
		{B41AE8BE-24D3-476A-9B4E-21DEC5C22A54}.Release|iPhone.Build.0 = Release|Any CPU
		{B41AE8BE-24D3-476A-9B4E-21DEC5C22A54}.Release|iPhone.Deploy.0 = Release|Any CPU
		{B41AE8BE-24D3-476A-9B4E-21DEC5C22A54}.Release|iPhoneSimulator.ActiveCfg = Release|Any CPU
		{B41AE8BE-24D3-476A-9B4E-21DEC5C22A54}.Release|iPhoneSimulator.Build.0 = Release|Any CPU
		{B41AE8BE-24D3-476A-9B4E-21DEC5C22A54}.Release|iPhoneSimulator.Deploy.0 = Release|Any CPU
		{B41AE8BE-24D3-476A-9B4E-21DEC5C22A54}.Release|x64.ActiveCfg = Release|Any CPU
		{B41AE8BE-24D3-476A-9B4E-21DEC5C22A54}.Release|x64.Build.0 = Release|Any CPU
		{B41AE8BE-24D3-476A-9B4E-21DEC5C22A54}.Release|x64.Deploy.0 = Release|Any CPU
		{B41AE8BE-24D3-476A-9B4E-21DEC5C22A54}.Release|x86.ActiveCfg = Release|Any CPU
		{B41AE8BE-24D3-476A-9B4E-21DEC5C22A54}.Release|x86.Build.0 = Release|Any CPU
		{B41AE8BE-24D3-476A-9B4E-21DEC5C22A54}.Release|x86.Deploy.0 = Release|Any CPU
	EndGlobalSection
	GlobalSection(SolutionProperties) = preSolution
		HideSolutionNode = FALSE
	EndGlobalSection
	GlobalSection(ExtensibilityGlobals) = postSolution
		SolutionGuid = {3305DF55-ED9D-4E8B-A3A8-0B46C41A1856}
	EndGlobalSection
EndGlobal
